
Microsoft Visual Studio Solution File, Format Version 12.00
# Visual Studio 15
VisualStudioVersion = 15.0.27703.2035
MinimumVisualStudioVersion = 10.0.40219.1
Project("{FAE04EC0-301F-11D3-BF4B-00C04F79EFBC}") = "Dev.BigApp.Api", "Dev.BigApp.Api\Dev.BigApp.Api.csproj", "{F00F73F5-42C3-465C-91DA-4406F164CE3E}"
EndProject
Global
	GlobalSection(SolutionConfigurationPlatforms) = preSolution
		Debug|Any CPU = Debug|Any CPU
		Release|Any CPU = Release|Any CPU
	EndGlobalSection
	GlobalSection(ProjectConfigurationPlatforms) = postSolution
		{F00F73F5-42C3-465C-91DA-4406F164CE3E}.Debug|Any CPU.ActiveCfg = Debug|Any CPU
		{F00F73F5-42C3-465C-91DA-4406F164CE3E}.Debug|Any CPU.Build.0 = Debug|Any CPU
		{F00F73F5-42C3-465C-91DA-4406F164CE3E}.Release|Any CPU.ActiveCfg = Release|Any CPU
		{F00F73F5-42C3-465C-91DA-4406F164CE3E}.Release|Any CPU.Build.0 = Release|Any CPU
	EndGlobalSection
	GlobalSection(SolutionProperties) = preSolution
		HideSolutionNode = FALSE
	EndGlobalSection
	GlobalSection(ExtensibilityGlobals) = postSolution
		SolutionGuid = {E9A3201E-9D1C-4A6F-8D5B-255D898AED3D}
	EndGlobalSection
EndGlobal
